
Microsoft Visual Studio Solution File, Format Version 12.00
# Visual Studio Version 17
VisualStudioVersion = 17.0.31611.283
MinimumVisualStudioVersion = 10.0.40219.1
Project("{9A19103F-16F7-4668-BE54-9A1E7A4F7556}") = "Libbyrator", "Libbyrator\Libbyrator.csproj", "{E684FE18-B25F-498F-81E8-5E13C54679D3}"
EndProject
Project("{FAE04EC0-301F-11D3-BF4B-00C04F79EFBC}") = "LibbyratorTest", "LibbyratorTest\LibbyratorTest.csproj", "{DFD53A8A-75BA-4761-AB56-6983443B5671}"
EndProject
Global
	GlobalSection(SolutionConfigurationPlatforms) = preSolution
		Debug|Any CPU = Debug|Any CPU
		Release|Any CPU = Release|Any CPU
	EndGlobalSection
	GlobalSection(ProjectConfigurationPlatforms) = postSolution
		{E684FE18-B25F-498F-81E8-5E13C54679D3}.Debug|Any CPU.ActiveCfg = Debug|Any CPU
		{E684FE18-B25F-498F-81E8-5E13C54679D3}.Debug|Any CPU.Build.0 = Debug|Any CPU
		{E684FE18-B25F-498F-81E8-5E13C54679D3}.Debug|Any CPU.Deploy.0 = Debug|Any CPU
		{E684FE18-B25F-498F-81E8-5E13C54679D3}.Release|Any CPU.ActiveCfg = Release|Any CPU
		{E684FE18-B25F-498F-81E8-5E13C54679D3}.Release|Any CPU.Build.0 = Release|Any CPU
		{E684FE18-B25F-498F-81E8-5E13C54679D3}.Release|Any CPU.Deploy.0 = Release|Any CPU
		{DFD53A8A-75BA-4761-AB56-6983443B5671}.Debug|Any CPU.ActiveCfg = Debug|Any CPU
		{DFD53A8A-75BA-4761-AB56-6983443B5671}.Debug|Any CPU.Build.0 = Debug|Any CPU
		{DFD53A8A-75BA-4761-AB56-6983443B5671}.Release|Any CPU.ActiveCfg = Release|Any CPU
		{DFD53A8A-75BA-4761-AB56-6983443B5671}.Release|Any CPU.Build.0 = Release|Any CPU
	EndGlobalSection
	GlobalSection(SolutionProperties) = preSolution
		HideSolutionNode = FALSE
	EndGlobalSection
	GlobalSection(ExtensibilityGlobals) = postSolution
		SolutionGuid = {61F7FB11-1E47-470C-91E2-47F8143E1572}
	EndGlobalSection
EndGlobal
